
Microsoft Visual Studio Solution File, Format Version 12.00
# Visual Studio Version 17
VisualStudioVersion = 17.0.31903.59
MinimumVisualStudioVersion = 10.0.40219.1
Project("{2150E333-8FDC-42A3-9474-1A3956D46DE8}") = "src", "src", "{2703D897-B121-4AE2-8574-6E7CEF754353}"
EndProject
Project("{FAE04EC0-301F-11D3-BF4B-00C04F79EFBC}") = "MMO-Idle.API", "src\MMO-Idle.API\MMO-Idle.API.csproj", "{BDB19069-3F74-48C2-A232-D718DEFF29A5}"
EndProject
Project("{FAE04EC0-301F-11D3-BF4B-00C04F79EFBC}") = "MMO-Idle.Application", "src\MMO-Idle.Application\MMO-Idle.Application.csproj", "{FE049EE1-4A5A-4043-8051-EFDE83E7D21B}"
EndProject
Project("{FAE04EC0-301F-11D3-BF4B-00C04F79EFBC}") = "MMO-Idle.Domain", "src\MMO-Idle.Domain\MMO-Idle.Domain.csproj", "{FFFDC823-B5C8-460A-A19E-22D7500D05B7}"
EndProject
Project("{FAE04EC0-301F-11D3-BF4B-00C04F79EFBC}") = "MMO-Idle.Infrastructure", "src\MMO-Idle.Infrastructure\MMO-Idle.Infrastructure.csproj", "{ADBF066B-0FE9-40AD-9956-8016F5512D2F}"
EndProject
Project("{FAE04EC0-301F-11D3-BF4B-00C04F79EFBC}") = "MMO-Idle.Shared", "src\MMO-Idle.Shared\MMO-Idle.Shared.csproj", "{968D6D01-34EA-40C9-A403-B1C93902BBF6}"
EndProject
Project("{2150E333-8FDC-42A3-9474-1A3956D46DE8}") = "tests", "tests", "{0F980D49-4AAA-4752-B301-55B8A37FC1AD}"
EndProject
Project("{FAE04EC0-301F-11D3-BF4B-00C04F79EFBC}") = "MMO-Idle.UnitTests", "tests\MMO-Idle.UnitTests\MMO-Idle.UnitTests.csproj", "{DFE881E8-E292-4A93-9AA6-D0B4AC7FF9B9}"
EndProject
Project("{FAE04EC0-301F-11D3-BF4B-00C04F79EFBC}") = "MMO-Idle.IntegrationTests", "tests\MMO-Idle.IntegrationTests\MMO-Idle.IntegrationTests.csproj", "{1F63BAF2-9D20-4BEB-86E2-07A595672079}"
EndProject
Global
	GlobalSection(SolutionConfigurationPlatforms) = preSolution
		Debug|Any CPU = Debug|Any CPU
		Release|Any CPU = Release|Any CPU
	EndGlobalSection
	GlobalSection(SolutionProperties) = preSolution
		HideSolutionNode = FALSE
	EndGlobalSection
	GlobalSection(ProjectConfigurationPlatforms) = postSolution
		{BDB19069-3F74-48C2-A232-D718DEFF29A5}.Debug|Any CPU.ActiveCfg = Debug|Any CPU
		{BDB19069-3F74-48C2-A232-D718DEFF29A5}.Debug|Any CPU.Build.0 = Debug|Any CPU
		{BDB19069-3F74-48C2-A232-D718DEFF29A5}.Release|Any CPU.ActiveCfg = Release|Any CPU
		{BDB19069-3F74-48C2-A232-D718DEFF29A5}.Release|Any CPU.Build.0 = Release|Any CPU
		{FE049EE1-4A5A-4043-8051-EFDE83E7D21B}.Debug|Any CPU.ActiveCfg = Debug|Any CPU
		{FE049EE1-4A5A-4043-8051-EFDE83E7D21B}.Debug|Any CPU.Build.0 = Debug|Any CPU
		{FE049EE1-4A5A-4043-8051-EFDE83E7D21B}.Release|Any CPU.ActiveCfg = Release|Any CPU
		{FE049EE1-4A5A-4043-8051-EFDE83E7D21B}.Release|Any CPU.Build.0 = Release|Any CPU
		{FFFDC823-B5C8-460A-A19E-22D7500D05B7}.Debug|Any CPU.ActiveCfg = Debug|Any CPU
		{FFFDC823-B5C8-460A-A19E-22D7500D05B7}.Debug|Any CPU.Build.0 = Debug|Any CPU
		{FFFDC823-B5C8-460A-A19E-22D7500D05B7}.Release|Any CPU.ActiveCfg = Release|Any CPU
		{FFFDC823-B5C8-460A-A19E-22D7500D05B7}.Release|Any CPU.Build.0 = Release|Any CPU
		{ADBF066B-0FE9-40AD-9956-8016F5512D2F}.Debug|Any CPU.ActiveCfg = Debug|Any CPU
		{ADBF066B-0FE9-40AD-9956-8016F5512D2F}.Debug|Any CPU.Build.0 = Debug|Any CPU
		{ADBF066B-0FE9-40AD-9956-8016F5512D2F}.Release|Any CPU.ActiveCfg = Release|Any CPU
		{ADBF066B-0FE9-40AD-9956-8016F5512D2F}.Release|Any CPU.Build.0 = Release|Any CPU
		{968D6D01-34EA-40C9-A403-B1C93902BBF6}.Debug|Any CPU.ActiveCfg = Debug|Any CPU
		{968D6D01-34EA-40C9-A403-B1C93902BBF6}.Debug|Any CPU.Build.0 = Debug|Any CPU
		{968D6D01-34EA-40C9-A403-B1C93902BBF6}.Release|Any CPU.ActiveCfg = Release|Any CPU
		{968D6D01-34EA-40C9-A403-B1C93902BBF6}.Release|Any CPU.Build.0 = Release|Any CPU
		{DFE881E8-E292-4A93-9AA6-D0B4AC7FF9B9}.Debug|Any CPU.ActiveCfg = Debug|Any CPU
		{DFE881E8-E292-4A93-9AA6-D0B4AC7FF9B9}.Debug|Any CPU.Build.0 = Debug|Any CPU
		{DFE881E8-E292-4A93-9AA6-D0B4AC7FF9B9}.Release|Any CPU.ActiveCfg = Release|Any CPU
		{DFE881E8-E292-4A93-9AA6-D0B4AC7FF9B9}.Release|Any CPU.Build.0 = Release|Any CPU
		{1F63BAF2-9D20-4BEB-86E2-07A595672079}.Debug|Any CPU.ActiveCfg = Debug|Any CPU
		{1F63BAF2-9D20-4BEB-86E2-07A595672079}.Debug|Any CPU.Build.0 = Debug|Any CPU
		{1F63BAF2-9D20-4BEB-86E2-07A595672079}.Release|Any CPU.ActiveCfg = Release|Any CPU
		{1F63BAF2-9D20-4BEB-86E2-07A595672079}.Release|Any CPU.Build.0 = Release|Any CPU
	EndGlobalSection
	GlobalSection(NestedProjects) = preSolution
		{BDB19069-3F74-48C2-A232-D718DEFF29A5} = {2703D897-B121-4AE2-8574-6E7CEF754353}
		{FE049EE1-4A5A-4043-8051-EFDE83E7D21B} = {2703D897-B121-4AE2-8574-6E7CEF754353}
		{FFFDC823-B5C8-460A-A19E-22D7500D05B7} = {2703D897-B121-4AE2-8574-6E7CEF754353}
		{ADBF066B-0FE9-40AD-9956-8016F5512D2F} = {2703D897-B121-4AE2-8574-6E7CEF754353}
		{968D6D01-34EA-40C9-A403-B1C93902BBF6} = {2703D897-B121-4AE2-8574-6E7CEF754353}
		{DFE881E8-E292-4A93-9AA6-D0B4AC7FF9B9} = {0F980D49-4AAA-4752-B301-55B8A37FC1AD}
		{1F63BAF2-9D20-4BEB-86E2-07A595672079} = {0F980D49-4AAA-4752-B301-55B8A37FC1AD}
	EndGlobalSection
EndGlobal
